
Microsoft Visual Studio Solution File, Format Version 12.00
# Visual Studio Version 16
VisualStudioVersion = 16.0.29509.3
MinimumVisualStudioVersion = 10.0.40219.1
Project("{9A19103F-16F7-4668-BE54-9A1E7A4F7556}") = "TwentyFortyEight", "TwentyFortyEight\TwentyFortyEight.csproj", "{9CB1EDA8-1A9F-45CC-B43C-2C20B0672C6C}"
EndProject
Project("{FAE04EC0-301F-11D3-BF4B-00C04F79EFBC}") = "TwentyFortyEightTest", "TwentyFortyEightTest\TwentyFortyEightTest.csproj", "{4FB6B510-2B17-478A-81B1-351D1F4863BC}"
EndProject
Global
	GlobalSection(SolutionConfigurationPlatforms) = preSolution
		Debug|Any CPU = Debug|Any CPU
		Release|Any CPU = Release|Any CPU
	EndGlobalSection
	GlobalSection(ProjectConfigurationPlatforms) = postSolution
		{9CB1EDA8-1A9F-45CC-B43C-2C20B0672C6C}.Debug|Any CPU.ActiveCfg = Debug|Any CPU
		{9CB1EDA8-1A9F-45CC-B43C-2C20B0672C6C}.Debug|Any CPU.Build.0 = Debug|Any CPU
		{9CB1EDA8-1A9F-45CC-B43C-2C20B0672C6C}.Release|Any CPU.ActiveCfg = Release|Any CPU
		{9CB1EDA8-1A9F-45CC-B43C-2C20B0672C6C}.Release|Any CPU.Build.0 = Release|Any CPU
		{4FB6B510-2B17-478A-81B1-351D1F4863BC}.Debug|Any CPU.ActiveCfg = Debug|Any CPU
		{4FB6B510-2B17-478A-81B1-351D1F4863BC}.Debug|Any CPU.Build.0 = Debug|Any CPU
		{4FB6B510-2B17-478A-81B1-351D1F4863BC}.Release|Any CPU.ActiveCfg = Release|Any CPU
		{4FB6B510-2B17-478A-81B1-351D1F4863BC}.Release|Any CPU.Build.0 = Release|Any CPU
	EndGlobalSection
	GlobalSection(SolutionProperties) = preSolution
		HideSolutionNode = FALSE
	EndGlobalSection
	GlobalSection(ExtensibilityGlobals) = postSolution
		SolutionGuid = {AB1E2CEA-B4E7-4F71-AE23-EA2732CBA942}
	EndGlobalSection
EndGlobal
